// !$*UTF8*$!
{
	archiveVersion = 1;
	classes = {
	};
	objectVersion = 70;
	objects = {

/* Begin PBXBuildFile section */
		0C5B4FA12F0D797A009ED626 /* FirebaseAuth in Frameworks */ = {isa = PBXBuildFile; productRef = 0C5B4FA02F0D797A009ED626 /* FirebaseAuth */; };
		0C5B4FA32F0D797A009ED626 /* FirebaseCore in Frameworks */ = {isa = PBXBuildFile; productRef = 0C5B4FA22F0D797A009ED626 /* FirebaseCore */; };
		0C5B4FA52F0D797A009ED626 /* FirebaseFirestore in Frameworks */ = {isa = PBXBuildFile; productRef = 0C5B4FA42F0D797A009ED626 /* FirebaseFirestore */; };
		0CBD668C2EDA8BB70055B9D7 /* FirebaseAnalytics in Frameworks */ = {isa = PBXBuildFile; productRef = 0CBD668B2EDA8BB70055B9D7 /* FirebaseAnalytics */; };
		0CBD66932EDB9D8D0055B9D7 /* AuthViewModel.swift in Sources */ = {isa = PBXBuildFile; fileRef = 0CBD66922EDB9D8D0055B9D7 /* AuthViewModel.swift */; };
		0CBD66972EDB9DD10055B9D7 /* RootView.swift in Sources */ = {isa = PBXBuildFile; fileRef = 0CBD66962EDB9DD10055B9D7 /* RootView.swift */; };
		0CBD66992EDB9EDD0055B9D7 /* LoginView.swift in Sources */ = {isa = PBXBuildFile; fileRef = 0CBD66982EDB9EDD0055B9D7 /* LoginView.swift */; };
		0CBD669B2EDB9FB20055B9D7 /* FirebaseAuth in Frameworks */ = {isa = PBXBuildFile; productRef = 0CBD669A2EDB9FB20055B9D7 /* FirebaseAuth */; };
		0CBD669D2EDB9FB20055B9D7 /* FirebaseCore in Frameworks */ = {isa = PBXBuildFile; productRef = 0CBD669C2EDB9FB20055B9D7 /* FirebaseCore */; };
		0CBD66A12EDBA5650055B9D7 /* SignupView.swift in Sources */ = {isa = PBXBuildFile; fileRef = 0CBD66A02EDBA5650055B9D7 /* SignupView.swift */; };
		0CBD66A32EDBA6B80055B9D7 /* FirebaseFirestore in Frameworks */ = {isa = PBXBuildFile; productRef = 0CBD66A22EDBA6B80055B9D7 /* FirebaseFirestore */; };
		0CDFA77D2F0D66CE008F81DA /* GoogleService-Info.plist in Resources */ = {isa = PBXBuildFile; fileRef = 0CDFA77C2F0D66CE008F81DA /* GoogleService-Info.plist */; };
		0CFDC9B02F0DC3B3007CEEBE /* FriendRequest.swift in Sources */ = {isa = PBXBuildFile; fileRef = 0CFDC9AF2F0DC3B3007CEEBE /* FriendRequest.swift */; };
		311CCA7F2E59822300E4E9B1 /* ApprovalsView.swift in Sources */ = {isa = PBXBuildFile; fileRef = 311CCA7E2E59822000E4E9B1 /* ApprovalsView.swift */; };
		311CCA812E59823500E4E9B1 /* AskBuddyView.swift in Sources */ = {isa = PBXBuildFile; fileRef = 311CCA802E59823300E4E9B1 /* AskBuddyView.swift */; };
		311CCA832E59825300E4E9B1 /* UnlockRequestService.swift in Sources */ = {isa = PBXBuildFile; fileRef = 311CCA822E59824F00E4E9B1 /* UnlockRequestService.swift */; };
		311CCA862E59827800E4E9B1 /* LocalBuddyService.swift in Sources */ = {isa = PBXBuildFile; fileRef = 311CCA852E59827200E4E9B1 /* LocalBuddyService.swift */; };
		311CCA872E59846700E4E9B1 /* BuddyData.swift in Sources */ = {isa = PBXBuildFile; fileRef = 318DD9D12E559D0B00A578A8 /* BuddyData.swift */; };
		311CCA892E598C7500E4E9B1 /* SettingsView.swift in Sources */ = {isa = PBXBuildFile; fileRef = 311CCA882E598C7300E4E9B1 /* SettingsView.swift */; };
		313B2B622EDAD6B300F59DD1 /* EditProfileView.swift in Sources */ = {isa = PBXBuildFile; fileRef = 313B2B612EDAD6B300F59DD1 /* EditProfileView.swift */; };
		313B2B642EDAD6CE00F59DD1 /* ScreenTimeDefaultsSettingsView.swift in Sources */ = {isa = PBXBuildFile; fileRef = 313B2B632EDAD6CE00F59DD1 /* ScreenTimeDefaultsSettingsView.swift */; };
		313B2B662EDAD6DC00F59DD1 /* NotificationSettingsView.swift in Sources */ = {isa = PBXBuildFile; fileRef = 313B2B652EDAD6DC00F59DD1 /* NotificationSettingsView.swift */; };
		313B2B682EDAD6E500F59DD1 /* PrivacySettingsView.swift in Sources */ = {isa = PBXBuildFile; fileRef = 313B2B672EDAD6E500F59DD1 /* PrivacySettingsView.swift */; };
		313B2B6E2EDB884F00F59DD1 /* ChallengeFormat.swift in Sources */ = {isa = PBXBuildFile; fileRef = 313B2B6D2EDB884F00F59DD1 /* ChallengeFormat.swift */; };
		313B2B702EDB886600F59DD1 /* ChallengeDetailView.swift in Sources */ = {isa = PBXBuildFile; fileRef = 313B2B6F2EDB886600F59DD1 /* ChallengeDetailView.swift */; };
		313B2B742EDB8A9400F59DD1 /* ChallengeListView.swift in Sources */ = {isa = PBXBuildFile; fileRef = 313B2B732EDB8A8E00F59DD1 /* ChallengeListView.swift */; };
		313B2B762EE682DA00F59DD1 /* ShieldPromptView.swift in Sources */ = {isa = PBXBuildFile; fileRef = 313B2B752EE682DA00F59DD1 /* ShieldPromptView.swift */; };
		313B2B7E2EE6897000F59DD1 /* ManagedSettings.framework in Frameworks */ = {isa = PBXBuildFile; fileRef = 313B2B7D2EE6897000F59DD1 /* ManagedSettings.framework */; };
		313B2B862EE6897000F59DD1 /* BuddyLockShieldExtension.appex in Embed Foundation Extensions */ = {isa = PBXBuildFile; fileRef = 313B2B7B2EE6897000F59DD1 /* BuddyLockShieldExtension.appex */; settings = {ATTRIBUTES = (RemoveHeadersOnCopy, ); }; };
		313B2B912EE69F6500F59DD1 /* ManagedSettings.framework in Frameworks */ = {isa = PBXBuildFile; fileRef = 313B2B7D2EE6897000F59DD1 /* ManagedSettings.framework */; };
		313B2B932EE69F6500F59DD1 /* ManagedSettingsUI.framework in Frameworks */ = {isa = PBXBuildFile; fileRef = 313B2B922EE69F6500F59DD1 /* ManagedSettingsUI.framework */; };
		313B2B9B2EE69F6500F59DD1 /* BuddyLockShieldConfiguration.appex in Embed Foundation Extensions */ = {isa = PBXBuildFile; fileRef = 313B2B902EE69F6500F59DD1 /* BuddyLockShieldConfiguration.appex */; settings = {ATTRIBUTES = (RemoveHeadersOnCopy, ); }; };
		316451E72ED918B300CECA7D /* MainTabView.swift in Sources */ = {isa = PBXBuildFile; fileRef = 316451E62ED918B300CECA7D /* MainTabView.swift */; };
		316451E92ED918D900CECA7D /* HomeView.swift in Sources */ = {isa = PBXBuildFile; fileRef = 316451E82ED918D900CECA7D /* HomeView.swift */; };
		316451EB2ED918F300CECA7D /* CreateTabView.swift in Sources */ = {isa = PBXBuildFile; fileRef = 316451EA2ED918F300CECA7D /* CreateTabView.swift */; };
		316451ED2ED9191200CECA7D /* FriendsHubView.swift in Sources */ = {isa = PBXBuildFile; fileRef = 316451EC2ED9191200CECA7D /* FriendsHubView.swift */; };
		316451EF2ED9193800CECA7D /* ProfileView.swift in Sources */ = {isa = PBXBuildFile; fileRef = 316451EE2ED9193800CECA7D /* ProfileView.swift */; };
		316451F92ED97CF100CECA7D /* CreateMomentView.swift in Sources */ = {isa = PBXBuildFile; fileRef = 316451F82ED97CF100CECA7D /* CreateMomentView.swift */; };
		318DD9CC2E55992700A578A8 /* BuddyListView.swift in Sources */ = {isa = PBXBuildFile; fileRef = 318DD9CB2E55991F00A578A8 /* BuddyListView.swift */; };
		318DD9D02E559CFA00A578A8 /* Challenges.swift in Sources */ = {isa = PBXBuildFile; fileRef = 318DD9CF2E559CF700A578A8 /* Challenges.swift */; };
		A00000000000000000000012 /* BuddyLockApp.swift in Sources */ = {isa = PBXBuildFile; fileRef = A00000000000000000000007 /* BuddyLockApp.swift */; };
		A00000000000000000000013 /* ScreenTimeManager.swift in Sources */ = {isa = PBXBuildFile; fileRef = A00000000000000000000009 /* ScreenTimeManager.swift */; };
		A00000000000000000000014 /* Assets.xcassets in Resources */ = {isa = PBXBuildFile; fileRef = A0000000000000000000000B /* Assets.xcassets */; };
/* End PBXBuildFile section */

/* Begin PBXContainerItemProxy section */
		313B2B842EE6897000F59DD1 /* PBXContainerItemProxy */ = {
			isa = PBXContainerItemProxy;
			containerPortal = A00000000000000000000001 /* Project object */;
			proxyType = 1;
			remoteGlobalIDString = 313B2B7A2EE6897000F59DD1;
			remoteInfo = BuddyLockShieldExtension;
		};
		313B2B992EE69F6500F59DD1 /* PBXContainerItemProxy */ = {
			isa = PBXContainerItemProxy;
			containerPortal = A00000000000000000000001 /* Project object */;
			proxyType = 1;
			remoteGlobalIDString = 313B2B8F2EE69F6500F59DD1;
			remoteInfo = BuddyLockShieldConfiguration;
		};
/* End PBXContainerItemProxy section */

/* Begin PBXCopyFilesBuildPhase section */
		313B2B8B2EE6897000F59DD1 /* Embed Foundation Extensions */ = {
			isa = PBXCopyFilesBuildPhase;
			buildActionMask = 2147483647;
			dstPath = "";
			dstSubfolderSpec = 13;
			files = (
				313B2B9B2EE69F6500F59DD1 /* BuddyLockShieldConfiguration.appex in Embed Foundation Extensions */,
				313B2B862EE6897000F59DD1 /* BuddyLockShieldExtension.appex in Embed Foundation Extensions */,
			);
			name = "Embed Foundation Extensions";
			runOnlyForDeploymentPostprocessing = 0;
		};
/* End PBXCopyFilesBuildPhase section */

/* Begin PBXFileReference section */
		0CBD66922EDB9D8D0055B9D7 /* AuthViewModel.swift */ = {isa = PBXFileReference; lastKnownFileType = sourcecode.swift; path = AuthViewModel.swift; sourceTree = "<group>"; };
		0CBD66962EDB9DD10055B9D7 /* RootView.swift */ = {isa = PBXFileReference; lastKnownFileType = sourcecode.swift; path = RootView.swift; sourceTree = "<group>"; };
		0CBD66982EDB9EDD0055B9D7 /* LoginView.swift */ = {isa = PBXFileReference; lastKnownFileType = sourcecode.swift; path = LoginView.swift; sourceTree = "<group>"; };
		0CBD66A02EDBA5650055B9D7 /* SignupView.swift */ = {isa = PBXFileReference; lastKnownFileType = sourcecode.swift; path = SignupView.swift; sourceTree = "<group>"; };
		0CDFA77C2F0D66CE008F81DA /* GoogleService-Info.plist */ = {isa = PBXFileReference; lastKnownFileType = text.plist.xml; path = "GoogleService-Info.plist"; sourceTree = "<group>"; };
		0CFDC9AF2F0DC3B3007CEEBE /* FriendRequest.swift */ = {isa = PBXFileReference; lastKnownFileType = sourcecode.swift; path = FriendRequest.swift; sourceTree = "<group>"; };
		311CCA7E2E59822000E4E9B1 /* ApprovalsView.swift */ = {isa = PBXFileReference; lastKnownFileType = sourcecode.swift; path = ApprovalsView.swift; sourceTree = "<group>"; };
		311CCA802E59823300E4E9B1 /* AskBuddyView.swift */ = {isa = PBXFileReference; lastKnownFileType = sourcecode.swift; path = AskBuddyView.swift; sourceTree = "<group>"; };
		311CCA822E59824F00E4E9B1 /* UnlockRequestService.swift */ = {isa = PBXFileReference; lastKnownFileType = sourcecode.swift; path = UnlockRequestService.swift; sourceTree = "<group>"; };
		311CCA852E59827200E4E9B1 /* LocalBuddyService.swift */ = {isa = PBXFileReference; lastKnownFileType = sourcecode.swift; path = LocalBuddyService.swift; sourceTree = "<group>"; };
		311CCA882E598C7300E4E9B1 /* SettingsView.swift */ = {isa = PBXFileReference; lastKnownFileType = sourcecode.swift; path = SettingsView.swift; sourceTree = "<group>"; };
		313B2B612EDAD6B300F59DD1 /* EditProfileView.swift */ = {isa = PBXFileReference; lastKnownFileType = sourcecode.swift; path = EditProfileView.swift; sourceTree = "<group>"; };
		313B2B632EDAD6CE00F59DD1 /* ScreenTimeDefaultsSettingsView.swift */ = {isa = PBXFileReference; lastKnownFileType = sourcecode.swift; path = ScreenTimeDefaultsSettingsView.swift; sourceTree = "<group>"; };
		313B2B652EDAD6DC00F59DD1 /* NotificationSettingsView.swift */ = {isa = PBXFileReference; lastKnownFileType = sourcecode.swift; path = NotificationSettingsView.swift; sourceTree = "<group>"; };
		313B2B672EDAD6E500F59DD1 /* PrivacySettingsView.swift */ = {isa = PBXFileReference; lastKnownFileType = sourcecode.swift; path = PrivacySettingsView.swift; sourceTree = "<group>"; };
		313B2B6D2EDB884F00F59DD1 /* ChallengeFormat.swift */ = {isa = PBXFileReference; lastKnownFileType = sourcecode.swift; path = ChallengeFormat.swift; sourceTree = "<group>"; };
		313B2B6F2EDB886600F59DD1 /* ChallengeDetailView.swift */ = {isa = PBXFileReference; lastKnownFileType = sourcecode.swift; path = ChallengeDetailView.swift; sourceTree = "<group>"; };
		313B2B732EDB8A8E00F59DD1 /* ChallengeListView.swift */ = {isa = PBXFileReference; lastKnownFileType = sourcecode.swift; path = ChallengeListView.swift; sourceTree = "<group>"; };
		313B2B752EE682DA00F59DD1 /* ShieldPromptView.swift */ = {isa = PBXFileReference; lastKnownFileType = sourcecode.swift; path = ShieldPromptView.swift; sourceTree = "<group>"; };
		313B2B7B2EE6897000F59DD1 /* BuddyLockShieldExtension.appex */ = {isa = PBXFileReference; explicitFileType = "wrapper.app-extension"; includeInIndex = 0; path = BuddyLockShieldExtension.appex; sourceTree = BUILT_PRODUCTS_DIR; };
		313B2B7D2EE6897000F59DD1 /* ManagedSettings.framework */ = {isa = PBXFileReference; lastKnownFileType = wrapper.framework; name = ManagedSettings.framework; path = System/Library/Frameworks/ManagedSettings.framework; sourceTree = SDKROOT; };
		313B2B902EE69F6500F59DD1 /* BuddyLockShieldConfiguration.appex */ = {isa = PBXFileReference; explicitFileType = "wrapper.app-extension"; includeInIndex = 0; path = BuddyLockShieldConfiguration.appex; sourceTree = BUILT_PRODUCTS_DIR; };
		313B2B922EE69F6500F59DD1 /* ManagedSettingsUI.framework */ = {isa = PBXFileReference; lastKnownFileType = wrapper.framework; name = ManagedSettingsUI.framework; path = System/Library/Frameworks/ManagedSettingsUI.framework; sourceTree = SDKROOT; };
		316451E62ED918B300CECA7D /* MainTabView.swift */ = {isa = PBXFileReference; lastKnownFileType = sourcecode.swift; path = MainTabView.swift; sourceTree = "<group>"; };
		316451E82ED918D900CECA7D /* HomeView.swift */ = {isa = PBXFileReference; lastKnownFileType = sourcecode.swift; path = HomeView.swift; sourceTree = "<group>"; };
		316451EA2ED918F300CECA7D /* CreateTabView.swift */ = {isa = PBXFileReference; lastKnownFileType = sourcecode.swift; path = CreateTabView.swift; sourceTree = "<group>"; };
		316451EC2ED9191200CECA7D /* FriendsHubView.swift */ = {isa = PBXFileReference; lastKnownFileType = sourcecode.swift; path = FriendsHubView.swift; sourceTree = "<group>"; };
		316451EE2ED9193800CECA7D /* ProfileView.swift */ = {isa = PBXFileReference; lastKnownFileType = sourcecode.swift; path = ProfileView.swift; sourceTree = "<group>"; };
		316451F82ED97CF100CECA7D /* CreateMomentView.swift */ = {isa = PBXFileReference; lastKnownFileType = sourcecode.swift; path = CreateMomentView.swift; sourceTree = "<group>"; };
		318DD9CB2E55991F00A578A8 /* BuddyListView.swift */ = {isa = PBXFileReference; lastKnownFileType = sourcecode.swift; path = BuddyListView.swift; sourceTree = "<group>"; };
		318DD9CF2E559CF700A578A8 /* Challenges.swift */ = {isa = PBXFileReference; lastKnownFileType = sourcecode.swift; path = Challenges.swift; sourceTree = "<group>"; };
		318DD9D12E559D0B00A578A8 /* BuddyData.swift */ = {isa = PBXFileReference; lastKnownFileType = sourcecode.swift; path = BuddyData.swift; sourceTree = "<group>"; };
		31EBD9432E543B16008FD5AA /* .gitignore */ = {isa = PBXFileReference; lastKnownFileType = text; path = .gitignore; sourceTree = "<group>"; };
		A00000000000000000000006 /* BuddyLock.app */ = {isa = PBXFileReference; explicitFileType = wrapper.application; includeInIndex = 0; path = BuddyLock.app; sourceTree = BUILT_PRODUCTS_DIR; };
		A00000000000000000000007 /* BuddyLockApp.swift */ = {isa = PBXFileReference; lastKnownFileType = sourcecode.swift; path = BuddyLockApp.swift; sourceTree = "<group>"; };
		A00000000000000000000009 /* ScreenTimeManager.swift */ = {isa = PBXFileReference; lastKnownFileType = sourcecode.swift; path = ScreenTimeManager.swift; sourceTree = "<group>"; };
		A0000000000000000000000B /* Assets.xcassets */ = {isa = PBXFileReference; lastKnownFileType = folder.assetcatalog; path = Assets.xcassets; sourceTree = "<group>"; };
		A0000000000000000000000C /* Info.plist */ = {isa = PBXFileReference; lastKnownFileType = text.plist.xml; name = Info.plist; path = BuddyLock_code/Info.plist; sourceTree = SOURCE_ROOT; };
/* End PBXFileReference section */

/* Begin PBXFileSystemSynchronizedBuildFileExceptionSet section */
		313B2B872EE6897000F59DD1 /* PBXFileSystemSynchronizedBuildFileExceptionSet */ = {
			isa = PBXFileSystemSynchronizedBuildFileExceptionSet;
			membershipExceptions = (
				Info.plist,
			);
			target = 313B2B7A2EE6897000F59DD1 /* BuddyLockShieldExtension */;
		};
		313B2B9C2EE69F6500F59DD1 /* PBXFileSystemSynchronizedBuildFileExceptionSet */ = {
			isa = PBXFileSystemSynchronizedBuildFileExceptionSet;
			membershipExceptions = (
				Info.plist,
			);
			target = 313B2B8F2EE69F6500F59DD1 /* BuddyLockShieldConfiguration */;
		};
/* End PBXFileSystemSynchronizedBuildFileExceptionSet section */

/* Begin PBXFileSystemSynchronizedRootGroup section */
		313B2B7F2EE6897000F59DD1 /* BuddyLockShieldExtension */ = {isa = PBXFileSystemSynchronizedRootGroup; exceptions = (313B2B872EE6897000F59DD1 /* PBXFileSystemSynchronizedBuildFileExceptionSet */, ); explicitFileTypes = {}; explicitFolders = (); path = BuddyLockShieldExtension; sourceTree = "<group>"; };
		313B2B942EE69F6500F59DD1 /* BuddyLockShieldConfiguration */ = {isa = PBXFileSystemSynchronizedRootGroup; exceptions = (313B2B9C2EE69F6500F59DD1 /* PBXFileSystemSynchronizedBuildFileExceptionSet */, ); explicitFileTypes = {}; explicitFolders = (); path = BuddyLockShieldConfiguration; sourceTree = "<group>"; };
/* End PBXFileSystemSynchronizedRootGroup section */

/* Begin PBXFrameworksBuildPhase section */
		313B2B782EE6897000F59DD1 /* Frameworks */ = {
			isa = PBXFrameworksBuildPhase;
			buildActionMask = 2147483647;
			files = (
				313B2B7E2EE6897000F59DD1 /* ManagedSettings.framework in Frameworks */,
			);
			runOnlyForDeploymentPostprocessing = 0;
		};
		313B2B8D2EE69F6500F59DD1 /* Frameworks */ = {
			isa = PBXFrameworksBuildPhase;
			buildActionMask = 2147483647;
			files = (
				313B2B912EE69F6500F59DD1 /* ManagedSettings.framework in Frameworks */,
				313B2B932EE69F6500F59DD1 /* ManagedSettingsUI.framework in Frameworks */,
			);
			runOnlyForDeploymentPostprocessing = 0;
		};
		A00000000000000000000010 /* Frameworks */ = {
			isa = PBXFrameworksBuildPhase;
			buildActionMask = 2147483647;
			files = (
				0CBD668C2EDA8BB70055B9D7 /* FirebaseAnalytics in Frameworks */,
				0C5B4FA12F0D797A009ED626 /* FirebaseAuth in Frameworks */,
				0CBD66A32EDBA6B80055B9D7 /* FirebaseFirestore in Frameworks */,
				0CBD669D2EDB9FB20055B9D7 /* FirebaseCore in Frameworks */,
				0C5B4FA32F0D797A009ED626 /* FirebaseCore in Frameworks */,
				0CBD669B2EDB9FB20055B9D7 /* FirebaseAuth in Frameworks */,
				0C5B4FA52F0D797A009ED626 /* FirebaseFirestore in Frameworks */,
			);
			runOnlyForDeploymentPostprocessing = 0;
		};
/* End PBXFrameworksBuildPhase section */

/* Begin PBXGroup section */
		0CBD668D2EDB9B610055B9D7 /* Firebase */ = {
			isa = PBXGroup;
			children = (
			);
			path = Firebase;
			sourceTree = "<group>";
		};
		0CBD668F2EDB9C950055B9D7 /* ViewModels */ = {
			isa = PBXGroup;
			children = (
				0CBD66922EDB9D8D0055B9D7 /* AuthViewModel.swift */,
			);
			path = ViewModels;
			sourceTree = "<group>";
		};
		0CBD66902EDB9D460055B9D7 /* Models */ = {
			isa = PBXGroup;
			children = (
			);
			name = Models;
			path = BuddyLock_code/Models;
			sourceTree = SOURCE_ROOT;
		};
		0CBD66912EDB9D570055B9D7 /* Views */ = {
			isa = PBXGroup;
			children = (
				0CBD66A02EDBA5650055B9D7 /* SignupView.swift */,
				0CBD66982EDB9EDD0055B9D7 /* LoginView.swift */,
				0CBD66962EDB9DD10055B9D7 /* RootView.swift */,
			);
			path = Views;
			sourceTree = "<group>";
		};
		313B2B5F2EDAD47000F59DD1 /* Settings Views */ = {
			isa = PBXGroup;
			children = (
				313B2B672EDAD6E500F59DD1 /* PrivacySettingsView.swift */,
				313B2B652EDAD6DC00F59DD1 /* NotificationSettingsView.swift */,
				313B2B632EDAD6CE00F59DD1 /* ScreenTimeDefaultsSettingsView.swift */,
			);
			path = "Settings Views";
			sourceTree = "<group>";
		};
		313B2B602EDAD47700F59DD1 /* Profile Views */ = {
			isa = PBXGroup;
			children = (
				313B2B612EDAD6B300F59DD1 /* EditProfileView.swift */,
				311CCA882E598C7300E4E9B1 /* SettingsView.swift */,
				313B2B5F2EDAD47000F59DD1 /* Settings Views */,
			);
			path = "Profile Views";
			sourceTree = "<group>";
		};
		313B2B692EDB87F700F59DD1 /* Challenge Views */ = {
			isa = PBXGroup;
			children = (
				313B2B6F2EDB886600F59DD1 /* ChallengeDetailView.swift */,
				313B2B732EDB8A8E00F59DD1 /* ChallengeListView.swift */,
			);
			path = "Challenge Views";
			sourceTree = "<group>";
		};
		313B2B6C2EDB884300F59DD1 /* Create Views */ = {
			isa = PBXGroup;
			children = (
				313B2B6D2EDB884F00F59DD1 /* ChallengeFormat.swift */,
				316451F82ED97CF100CECA7D /* CreateMomentView.swift */,
			);
			path = "Create Views";
			sourceTree = "<group>";
		};
		313B2B7C2EE6897000F59DD1 /* Frameworks */ = {
			isa = PBXGroup;
			children = (
				313B2B7D2EE6897000F59DD1 /* ManagedSettings.framework */,
				313B2B922EE69F6500F59DD1 /* ManagedSettingsUI.framework */,
			);
			name = Frameworks;
			sourceTree = "<group>";
		};
		A00000000000000000000003 = {
			isa = PBXGroup;
			children = (
				31EBD9432E543B16008FD5AA /* .gitignore */,
				A00000000000000000000005 /* BuddyLock_code */,
				313B2B7F2EE6897000F59DD1 /* BuddyLockShieldExtension */,
				313B2B942EE69F6500F59DD1 /* BuddyLockShieldConfiguration */,
				313B2B7C2EE6897000F59DD1 /* Frameworks */,
				A00000000000000000000004 /* Products */,
			);
			sourceTree = "<group>";
		};
		A00000000000000000000004 /* Products */ = {
			isa = PBXGroup;
			children = (
				A00000000000000000000006 /* BuddyLock.app */,
				313B2B7B2EE6897000F59DD1 /* BuddyLockShieldExtension.appex */,
				313B2B902EE69F6500F59DD1 /* BuddyLockShieldConfiguration.appex */,
			);
			name = Products;
			sourceTree = "<group>";
		};
		A00000000000000000000005 /* BuddyLock_code */ = {
			isa = PBXGroup;
			children = (
				313B2B752EE682DA00F59DD1 /* ShieldPromptView.swift */,
				0CBD66912EDB9D570055B9D7 /* Views */,
				0CBD66902EDB9D460055B9D7 /* Models */,
				0CBD668F2EDB9C950055B9D7 /* ViewModels */,
				0CBD668D2EDB9B610055B9D7 /* Firebase */,
				313B2B6C2EDB884300F59DD1 /* Create Views */,
				313B2B692EDB87F700F59DD1 /* Challenge Views */,
				313B2B602EDAD47700F59DD1 /* Profile Views */,
				316451EC2ED9191200CECA7D /* FriendsHubView.swift */,
				316451EA2ED918F300CECA7D /* CreateTabView.swift */,
				316451E82ED918D900CECA7D /* HomeView.swift */,
				316451E62ED918B300CECA7D /* MainTabView.swift */,
				311CCA852E59827200E4E9B1 /* LocalBuddyService.swift */,
				0CFDC9AF2F0DC3B3007CEEBE /* FriendRequest.swift */,
				311CCA822E59824F00E4E9B1 /* UnlockRequestService.swift */,
				316451EE2ED9193800CECA7D /* ProfileView.swift */,
				311CCA802E59823300E4E9B1 /* AskBuddyView.swift */,
				311CCA7E2E59822000E4E9B1 /* ApprovalsView.swift */,
				318DD9D12E559D0B00A578A8 /* BuddyData.swift */,
				318DD9CF2E559CF700A578A8 /* Challenges.swift */,
				318DD9CB2E55991F00A578A8 /* BuddyListView.swift */,
				A00000000000000000000007 /* BuddyLockApp.swift */,
				A00000000000000000000009 /* ScreenTimeManager.swift */,
				A0000000000000000000000B /* Assets.xcassets */,
				A0000000000000000000000C /* Info.plist */,
				0CDFA77C2F0D66CE008F81DA /* GoogleService-Info.plist */,
			);
			path = BuddyLock_code;
			sourceTree = "<group>";
		};
/* End PBXGroup section */

/* Begin PBXNativeTarget section */
		313B2B7A2EE6897000F59DD1 /* BuddyLockShieldExtension */ = {
			isa = PBXNativeTarget;
			buildConfigurationList = 313B2B882EE6897000F59DD1 /* Build configuration list for PBXNativeTarget "BuddyLockShieldExtension" */;
			buildPhases = (
				313B2B772EE6897000F59DD1 /* Sources */,
				313B2B782EE6897000F59DD1 /* Frameworks */,
				313B2B792EE6897000F59DD1 /* Resources */,
			);
			buildRules = (
			);
			dependencies = (
			);
			fileSystemSynchronizedGroups = (
				313B2B7F2EE6897000F59DD1 /* BuddyLockShieldExtension */,
			);
			name = BuddyLockShieldExtension;
			packageProductDependencies = (
			);
			productName = BuddyLockShieldExtension;
			productReference = 313B2B7B2EE6897000F59DD1 /* BuddyLockShieldExtension.appex */;
			productType = "com.apple.product-type.app-extension";
		};
		313B2B8F2EE69F6500F59DD1 /* BuddyLockShieldConfiguration */ = {
			isa = PBXNativeTarget;
			buildConfigurationList = 313B2B9D2EE69F6500F59DD1 /* Build configuration list for PBXNativeTarget "BuddyLockShieldConfiguration" */;
			buildPhases = (
				313B2B8C2EE69F6500F59DD1 /* Sources */,
				313B2B8D2EE69F6500F59DD1 /* Frameworks */,
				313B2B8E2EE69F6500F59DD1 /* Resources */,
			);
			buildRules = (
			);
			dependencies = (
			);
			fileSystemSynchronizedGroups = (
				313B2B942EE69F6500F59DD1 /* BuddyLockShieldConfiguration */,
			);
			name = BuddyLockShieldConfiguration;
			packageProductDependencies = (
			);
			productName = BuddyLockShieldConfiguration;
			productReference = 313B2B902EE69F6500F59DD1 /* BuddyLockShieldConfiguration.appex */;
			productType = "com.apple.product-type.app-extension";
		};
		A00000000000000000000002 /* BuddyLock */ = {
			isa = PBXNativeTarget;
			buildConfigurationList = A00000000000000000000016 /* Build configuration list for PBXNativeTarget "BuddyLock" */;
			buildPhases = (
				A0000000000000000000000E /* Sources */,
				A0000000000000000000000F /* Resources */,
				A00000000000000000000010 /* Frameworks */,
				313B2B8B2EE6897000F59DD1 /* Embed Foundation Extensions */,
			);
			buildRules = (
			);
			dependencies = (
				313B2B852EE6897000F59DD1 /* PBXTargetDependency */,
				313B2B9A2EE69F6500F59DD1 /* PBXTargetDependency */,
			);
			name = BuddyLock;
			productName = BuddyLockStarter;
			productReference = A00000000000000000000006 /* BuddyLock.app */;
			productType = "com.apple.product-type.application";
		};
/* End PBXNativeTarget section */

/* Begin PBXProject section */
		A00000000000000000000001 /* Project object */ = {
			isa = PBXProject;
			attributes = {
				BuildIndependentTargetsInParallel = YES;
				LastSwiftUpdateCheck = 1640;
				LastUpgradeCheck = 1640;
				TargetAttributes = {
					313B2B7A2EE6897000F59DD1 = {
						CreatedOnToolsVersion = 16.4;
					};
					313B2B8F2EE69F6500F59DD1 = {
						CreatedOnToolsVersion = 16.4;
					};
					A00000000000000000000002 = {
						CreatedOnToolsVersion = 15.0;
					};
				};
			};
			buildConfigurationList = A00000000000000000000015 /* Build configuration list for PBXProject "BuddyLock" */;
			compatibilityVersion = "Xcode 15.0";
			developmentRegion = en;
			hasScannedForEncodings = 0;
			knownRegions = (
				en,
				Base,
			);
			mainGroup = A00000000000000000000003;
			packageReferences = (
				0C5B4F9F2F0D797A009ED626 /* XCRemoteSwiftPackageReference "firebase-ios-sdk" */,
			);
			productRefGroup = A00000000000000000000004 /* Products */;
			projectDirPath = "";
			projectRoot = "";
			targets = (
				A00000000000000000000002 /* BuddyLock */,
				313B2B7A2EE6897000F59DD1 /* BuddyLockShieldExtension */,
				313B2B8F2EE69F6500F59DD1 /* BuddyLockShieldConfiguration */,
			);
		};
/* End PBXProject section */

/* Begin PBXResourcesBuildPhase section */
		313B2B792EE6897000F59DD1 /* Resources */ = {
			isa = PBXResourcesBuildPhase;
			buildActionMask = 2147483647;
			files = (
			);
			runOnlyForDeploymentPostprocessing = 0;
		};
		313B2B8E2EE69F6500F59DD1 /* Resources */ = {
			isa = PBXResourcesBuildPhase;
			buildActionMask = 2147483647;
			files = (
			);
			runOnlyForDeploymentPostprocessing = 0;
		};
		A0000000000000000000000F /* Resources */ = {
			isa = PBXResourcesBuildPhase;
			buildActionMask = 2147483647;
			files = (
				A00000000000000000000014 /* Assets.xcassets in Resources */,
				0CDFA77D2F0D66CE008F81DA /* GoogleService-Info.plist in Resources */,
			);
			runOnlyForDeploymentPostprocessing = 0;
		};
/* End PBXResourcesBuildPhase section */

/* Begin PBXSourcesBuildPhase section */
		313B2B772EE6897000F59DD1 /* Sources */ = {
			isa = PBXSourcesBuildPhase;
			buildActionMask = 2147483647;
			files = (
			);
			runOnlyForDeploymentPostprocessing = 0;
		};
		313B2B8C2EE69F6500F59DD1 /* Sources */ = {
			isa = PBXSourcesBuildPhase;
			buildActionMask = 2147483647;
			files = (
			);
			runOnlyForDeploymentPostprocessing = 0;
		};
		A0000000000000000000000E /* Sources */ = {
			isa = PBXSourcesBuildPhase;
			buildActionMask = 2147483647;
			files = (
				A00000000000000000000012 /* BuddyLockApp.swift in Sources */,
				316451E92ED918D900CECA7D /* HomeView.swift in Sources */,
				313B2B742EDB8A9400F59DD1 /* ChallengeListView.swift in Sources */,
				311CCA862E59827800E4E9B1 /* LocalBuddyService.swift in Sources */,
				0CFDC9B02F0DC3B3007CEEBE /* FriendRequest.swift in Sources */,
				311CCA812E59823500E4E9B1 /* AskBuddyView.swift in Sources */,
				316451ED2ED9191200CECA7D /* FriendsHubView.swift in Sources */,
				311CCA7F2E59822300E4E9B1 /* ApprovalsView.swift in Sources */,
				316451F92ED97CF100CECA7D /* CreateMomentView.swift in Sources */,
				311CCA872E59846700E4E9B1 /* BuddyData.swift in Sources */,
				0CBD66A12EDBA5650055B9D7 /* SignupView.swift in Sources */,
				313B2B682EDAD6E500F59DD1 /* PrivacySettingsView.swift in Sources */,
				0CBD66992EDB9EDD0055B9D7 /* LoginView.swift in Sources */,
				318DD9CC2E55992700A578A8 /* BuddyListView.swift in Sources */,
				313B2B642EDAD6CE00F59DD1 /* ScreenTimeDefaultsSettingsView.swift in Sources */,
				316451EF2ED9193800CECA7D /* ProfileView.swift in Sources */,
				316451E72ED918B300CECA7D /* MainTabView.swift in Sources */,
				311CCA832E59825300E4E9B1 /* UnlockRequestService.swift in Sources */,
				313B2B622EDAD6B300F59DD1 /* EditProfileView.swift in Sources */,
				A00000000000000000000013 /* ScreenTimeManager.swift in Sources */,
				311CCA892E598C7500E4E9B1 /* SettingsView.swift in Sources */,
				313B2B662EDAD6DC00F59DD1 /* NotificationSettingsView.swift in Sources */,
				318DD9D02E559CFA00A578A8 /* Challenges.swift in Sources */,
				0CBD66932EDB9D8D0055B9D7 /* AuthViewModel.swift in Sources */,
				313B2B762EE682DA00F59DD1 /* ShieldPromptView.swift in Sources */,
				313B2B702EDB886600F59DD1 /* ChallengeDetailView.swift in Sources */,
				313B2B6E2EDB884F00F59DD1 /* ChallengeFormat.swift in Sources */,
				316451EB2ED918F300CECA7D /* CreateTabView.swift in Sources */,
				0CBD66972EDB9DD10055B9D7 /* RootView.swift in Sources */,
			);
			runOnlyForDeploymentPostprocessing = 0;
		};
/* End PBXSourcesBuildPhase section */

/* Begin PBXTargetDependency section */
		313B2B852EE6897000F59DD1 /* PBXTargetDependency */ = {
			isa = PBXTargetDependency;
			target = 313B2B7A2EE6897000F59DD1 /* BuddyLockShieldExtension */;
			targetProxy = 313B2B842EE6897000F59DD1 /* PBXContainerItemProxy */;
		};
		313B2B9A2EE69F6500F59DD1 /* PBXTargetDependency */ = {
			isa = PBXTargetDependency;
			target = 313B2B8F2EE69F6500F59DD1 /* BuddyLockShieldConfiguration */;
			targetProxy = 313B2B992EE69F6500F59DD1 /* PBXContainerItemProxy */;
		};
/* End PBXTargetDependency section */

/* Begin XCBuildConfiguration section */
		313B2B892EE6897000F59DD1 /* Debug */ = {
			isa = XCBuildConfiguration;
			buildSettings = {
				ASSETCATALOG_COMPILER_GENERATE_SWIFT_ASSET_SYMBOL_EXTENSIONS = YES;
				CLANG_ENABLE_OBJC_WEAK = YES;
				CLANG_WARN_OBJC_ROOT_CLASS = YES_ERROR;
				CLANG_WARN_UNGUARDED_AVAILABILITY = YES_AGGRESSIVE;
				CODE_SIGN_ENTITLEMENTS = BuddyLockShieldExtension/BuddyLockShieldExtension.entitlements;
				CODE_SIGN_STYLE = Automatic;
				CURRENT_PROJECT_VERSION = 1;
				DEVELOPMENT_TEAM = SA3M3BN49A;
				GCC_C_LANGUAGE_STANDARD = gnu17;
				GCC_PREPROCESSOR_DEFINITIONS = (
					"DEBUG=1",
					"$(inherited)",
				);
				GENERATE_INFOPLIST_FILE = YES;
				INFOPLIST_FILE = BuddyLockShieldExtension/Info.plist;
				INFOPLIST_KEY_CFBundleDisplayName = BuddyLockShieldExtension;
				INFOPLIST_KEY_NSHumanReadableCopyright = "";
				IPHONEOS_DEPLOYMENT_TARGET = 18.5;
				LD_RUNPATH_SEARCH_PATHS = (
					"$(inherited)",
					"@executable_path/Frameworks",
					"@executable_path/../../Frameworks",
				);
				LOCALIZATION_PREFERS_STRING_CATALOGS = YES;
				MARKETING_VERSION = 1.0;
				MTL_ENABLE_DEBUG_INFO = INCLUDE_SOURCE;
				MTL_FAST_MATH = YES;
				PRODUCT_BUNDLE_IDENTIFIER = com.example.BuddyLockStarterTEST.BuddyLockShieldExtension;
				PRODUCT_NAME = "$(TARGET_NAME)";
				SKIP_INSTALL = YES;
				SWIFT_ACTIVE_COMPILATION_CONDITIONS = "DEBUG $(inherited)";
				SWIFT_EMIT_LOC_STRINGS = YES;
				SWIFT_OPTIMIZATION_LEVEL = "-Onone";
				SWIFT_VERSION = 5.0;
				TARGETED_DEVICE_FAMILY = "1,2";
			};
			name = Debug;
		};
		313B2B8A2EE6897000F59DD1 /* Release */ = {
			isa = XCBuildConfiguration;
			buildSettings = {
				ASSETCATALOG_COMPILER_GENERATE_SWIFT_ASSET_SYMBOL_EXTENSIONS = YES;
				CLANG_ENABLE_OBJC_WEAK = YES;
				CLANG_WARN_OBJC_ROOT_CLASS = YES_ERROR;
				CLANG_WARN_UNGUARDED_AVAILABILITY = YES_AGGRESSIVE;
				CODE_SIGN_ENTITLEMENTS = BuddyLockShieldExtension/BuddyLockShieldExtension.entitlements;
				CODE_SIGN_STYLE = Automatic;
				CURRENT_PROJECT_VERSION = 1;
				DEVELOPMENT_TEAM = SA3M3BN49A;
				GCC_C_LANGUAGE_STANDARD = gnu17;
				GENERATE_INFOPLIST_FILE = YES;
				INFOPLIST_FILE = BuddyLockShieldExtension/Info.plist;
				INFOPLIST_KEY_CFBundleDisplayName = BuddyLockShieldExtension;
				INFOPLIST_KEY_NSHumanReadableCopyright = "";
				IPHONEOS_DEPLOYMENT_TARGET = 18.5;
				LD_RUNPATH_SEARCH_PATHS = (
					"$(inherited)",
					"@executable_path/Frameworks",
					"@executable_path/../../Frameworks",
				);
				LOCALIZATION_PREFERS_STRING_CATALOGS = YES;
				MARKETING_VERSION = 1.0;
				MTL_ENABLE_DEBUG_INFO = NO;
				MTL_FAST_MATH = YES;
				PRODUCT_BUNDLE_IDENTIFIER = com.example.BuddyLockStarterTEST.BuddyLockShieldExtension;
				PRODUCT_NAME = "$(TARGET_NAME)";
				SKIP_INSTALL = YES;
				SWIFT_EMIT_LOC_STRINGS = YES;
				SWIFT_VERSION = 5.0;
				TARGETED_DEVICE_FAMILY = "1,2";
			};
			name = Release;
		};
		313B2B9E2EE69F6500F59DD1 /* Debug */ = {
			isa = XCBuildConfiguration;
			buildSettings = {
				ASSETCATALOG_COMPILER_GENERATE_SWIFT_ASSET_SYMBOL_EXTENSIONS = YES;
				CLANG_ENABLE_OBJC_WEAK = YES;
				CLANG_WARN_OBJC_ROOT_CLASS = YES_ERROR;
				CLANG_WARN_UNGUARDED_AVAILABILITY = YES_AGGRESSIVE;
				CODE_SIGN_ENTITLEMENTS = BuddyLockShieldConfiguration/BuddyLockShieldConfiguration.entitlements;
				CODE_SIGN_STYLE = Automatic;
				CURRENT_PROJECT_VERSION = 1;
				DEVELOPMENT_TEAM = SA3M3BN49A;
				GCC_C_LANGUAGE_STANDARD = gnu17;
				GCC_PREPROCESSOR_DEFINITIONS = (
					"DEBUG=1",
					"$(inherited)",
				);
				GENERATE_INFOPLIST_FILE = YES;
				INFOPLIST_FILE = BuddyLockShieldConfiguration/Info.plist;
				INFOPLIST_KEY_CFBundleDisplayName = BuddyLockShieldConfiguration;
				INFOPLIST_KEY_NSHumanReadableCopyright = "";
				IPHONEOS_DEPLOYMENT_TARGET = 18.5;
				LD_RUNPATH_SEARCH_PATHS = (
					"$(inherited)",
					"@executable_path/Frameworks",
					"@executable_path/../../Frameworks",
				);
				LOCALIZATION_PREFERS_STRING_CATALOGS = YES;
				MARKETING_VERSION = 1.0;
				MTL_ENABLE_DEBUG_INFO = INCLUDE_SOURCE;
				MTL_FAST_MATH = YES;
				PRODUCT_BUNDLE_IDENTIFIER = com.example.BuddyLockStarterTEST.BuddyLockShieldConfiguration;
				PRODUCT_NAME = "$(TARGET_NAME)";
				SKIP_INSTALL = YES;
				SWIFT_ACTIVE_COMPILATION_CONDITIONS = "DEBUG $(inherited)";
				SWIFT_EMIT_LOC_STRINGS = YES;
				SWIFT_OPTIMIZATION_LEVEL = "-Onone";
				SWIFT_VERSION = 5.0;
				TARGETED_DEVICE_FAMILY = "1,2";
			};
			name = Debug;
		};
		313B2B9F2EE69F6500F59DD1 /* Release */ = {
			isa = XCBuildConfiguration;
			buildSettings = {
				ASSETCATALOG_COMPILER_GENERATE_SWIFT_ASSET_SYMBOL_EXTENSIONS = YES;
				CLANG_ENABLE_OBJC_WEAK = YES;
				CLANG_WARN_OBJC_ROOT_CLASS = YES_ERROR;
				CLANG_WARN_UNGUARDED_AVAILABILITY = YES_AGGRESSIVE;
				CODE_SIGN_ENTITLEMENTS = BuddyLockShieldConfiguration/BuddyLockShieldConfiguration.entitlements;
				CODE_SIGN_STYLE = Automatic;
				CURRENT_PROJECT_VERSION = 1;
				DEVELOPMENT_TEAM = SA3M3BN49A;
				GCC_C_LANGUAGE_STANDARD = gnu17;
				GENERATE_INFOPLIST_FILE = YES;
				INFOPLIST_FILE = BuddyLockShieldConfiguration/Info.plist;
				INFOPLIST_KEY_CFBundleDisplayName = BuddyLockShieldConfiguration;
				INFOPLIST_KEY_NSHumanReadableCopyright = "";
				IPHONEOS_DEPLOYMENT_TARGET = 18.5;
				LD_RUNPATH_SEARCH_PATHS = (
					"$(inherited)",
					"@executable_path/Frameworks",
					"@executable_path/../../Frameworks",
				);
				LOCALIZATION_PREFERS_STRING_CATALOGS = YES;
				MARKETING_VERSION = 1.0;
				MTL_ENABLE_DEBUG_INFO = NO;
				MTL_FAST_MATH = YES;
				PRODUCT_BUNDLE_IDENTIFIER = com.example.BuddyLockStarterTEST.BuddyLockShieldConfiguration;
				PRODUCT_NAME = "$(TARGET_NAME)";
				SKIP_INSTALL = YES;
				SWIFT_EMIT_LOC_STRINGS = YES;
				SWIFT_VERSION = 5.0;
				TARGETED_DEVICE_FAMILY = "1,2";
			};
			name = Release;
		};
		A00000000000000000000017 /* Debug */ = {
			isa = XCBuildConfiguration;
			buildSettings = {
				ALWAYS_SEARCH_USER_PATHS = NO;
				CLANG_ANALYZER_NONNULL = YES;
				CLANG_ANALYZER_NUMBER_OBJECT_CONVERSION = YES_AGGRESSIVE;
				CLANG_CXX_LANGUAGE_STANDARD = "gnu++20";
				CLANG_ENABLE_MODULES = YES;
				CLANG_ENABLE_OBJC_ARC = YES;
				CLANG_WARN_BLOCK_CAPTURE_AUTORELEASING = YES;
				CLANG_WARN_BOOL_CONVERSION = YES;
				CLANG_WARN_COMMA = YES;
				CLANG_WARN_CONSTANT_CONVERSION = YES;
				CLANG_WARN_DEPRECATED_OBJC_IMPLEMENTATIONS = YES;
				CLANG_WARN_DIRECT_OBJC_ISA_USAGE = YES_ERROR;
				CLANG_WARN_DOCUMENTATION_COMMENTS = YES;
				CLANG_WARN_EMPTY_BODY = YES;
				CLANG_WARN_ENUM_CONVERSION = YES;
				CLANG_WARN_INFINITE_RECURSION = YES;
				CLANG_WARN_INT_CONVERSION = YES;
				CLANG_WARN_NON_LITERAL_NULL_CONVERSION = YES;
				CLANG_WARN_OBJC_IMPLICIT_RETAIN_SELF = YES;
				CLANG_WARN_OBJC_LITERAL_CONVERSION = YES;
				CLANG_WARN_QUOTED_INCLUDE_IN_FRAMEWORK_HEADER = YES;
				CLANG_WARN_RANGE_LOOP_ANALYSIS = YES;
				CLANG_WARN_STRICT_PROTOTYPES = YES;
				CLANG_WARN_SUSPICIOUS_MOVE = YES;
				CLANG_WARN_UNREACHABLE_CODE = YES;
				CLANG_WARN__DUPLICATE_METHOD_MATCH = YES;
				COPY_PHASE_STRIP = NO;
				DEBUG_INFORMATION_FORMAT = dwarf;
				DEVELOPMENT_TEAM = SA3M3BN49A;
				ENABLE_STRICT_OBJC_MSGSEND = YES;
				ENABLE_TESTABILITY = YES;
				ENABLE_USER_SCRIPT_SANDBOXING = YES;
				GCC_C_LANGUAGE_STANDARD = gnu11;
				GCC_DYNAMIC_NO_PIC = NO;
				GCC_NO_COMMON_BLOCKS = YES;
				GCC_OPTIMIZATION_LEVEL = 0;
				GCC_PREPROCESSOR_DEFINITIONS = "DEBUG=1";
				GCC_WARN_64_TO_32_BIT_CONVERSION = YES;
				GCC_WARN_ABOUT_RETURN_TYPE = YES_ERROR;
				GCC_WARN_UNDECLARED_SELECTOR = YES;
				GCC_WARN_UNINITIALIZED_AUTOS = YES_AGGRESSIVE;
				GCC_WARN_UNUSED_FUNCTION = YES;
				GCC_WARN_UNUSED_VARIABLE = YES;
				IPHONEOS_DEPLOYMENT_TARGET = 18.0;
				MTLLINKER_FLAGS = "";
				ONLY_ACTIVE_ARCH = YES;
				SDKROOT = iphoneos;
			};
			name = Debug;
		};
		A00000000000000000000018 /* Release */ = {
			isa = XCBuildConfiguration;
			buildSettings = {
				ALWAYS_SEARCH_USER_PATHS = NO;
				CLANG_ANALYZER_NONNULL = YES;
				CLANG_ANALYZER_NUMBER_OBJECT_CONVERSION = YES_AGGRESSIVE;
				CLANG_CXX_LANGUAGE_STANDARD = "gnu++20";
				CLANG_ENABLE_MODULES = YES;
				CLANG_ENABLE_OBJC_ARC = YES;
				CLANG_WARN_BLOCK_CAPTURE_AUTORELEASING = YES;
				CLANG_WARN_BOOL_CONVERSION = YES;
				CLANG_WARN_COMMA = YES;
				CLANG_WARN_CONSTANT_CONVERSION = YES;
				CLANG_WARN_DEPRECATED_OBJC_IMPLEMENTATIONS = YES;
				CLANG_WARN_DIRECT_OBJC_ISA_USAGE = YES_ERROR;
				CLANG_WARN_DOCUMENTATION_COMMENTS = YES;
				CLANG_WARN_EMPTY_BODY = YES;
				CLANG_WARN_ENUM_CONVERSION = YES;
				CLANG_WARN_INFINITE_RECURSION = YES;
				CLANG_WARN_INT_CONVERSION = YES;
				CLANG_WARN_NON_LITERAL_NULL_CONVERSION = YES;
				CLANG_WARN_OBJC_IMPLICIT_RETAIN_SELF = YES;
				CLANG_WARN_OBJC_LITERAL_CONVERSION = YES;
				CLANG_WARN_QUOTED_INCLUDE_IN_FRAMEWORK_HEADER = YES;
				CLANG_WARN_RANGE_LOOP_ANALYSIS = YES;
				CLANG_WARN_STRICT_PROTOTYPES = YES;
				CLANG_WARN_SUSPICIOUS_MOVE = YES;
				CLANG_WARN_UNREACHABLE_CODE = YES;
				CLANG_WARN__DUPLICATE_METHOD_MATCH = YES;
				COPY_PHASE_STRIP = NO;
				DEBUG_INFORMATION_FORMAT = "dwarf-with-dsym";
				DEVELOPMENT_TEAM = SA3M3BN49A;
				ENABLE_NS_ASSERTIONS = NO;
				ENABLE_STRICT_OBJC_MSGSEND = YES;
				ENABLE_USER_SCRIPT_SANDBOXING = YES;
				GCC_C_LANGUAGE_STANDARD = gnu11;
				GCC_NO_COMMON_BLOCKS = YES;
				GCC_WARN_64_TO_32_BIT_CONVERSION = YES;
				GCC_WARN_ABOUT_RETURN_TYPE = YES_ERROR;
				GCC_WARN_UNDECLARED_SELECTOR = YES;
				GCC_WARN_UNINITIALIZED_AUTOS = YES_AGGRESSIVE;
				GCC_WARN_UNUSED_FUNCTION = YES;
				GCC_WARN_UNUSED_VARIABLE = YES;
				IPHONEOS_DEPLOYMENT_TARGET = 18.0;
				MTLLINKER_FLAGS = "";
				SDKROOT = iphoneos;
				SWIFT_COMPILATION_MODE = wholemodule;
				VALIDATE_PRODUCT = YES;
			};
			name = Release;
		};
		A00000000000000000000019 /* Debug */ = {
			isa = XCBuildConfiguration;
			buildSettings = {
				ASSETCATALOG_COMPILER_APPICON_NAME = AppIcon;
				CODE_SIGN_STYLE = Automatic;
				CURRENT_PROJECT_VERSION = 1;
				DEVELOPMENT_TEAM = SA3M3BN49A;
				GCC_OPTIMIZATION_LEVEL = 0;
				GENERATE_INFOPLIST_FILE = NO;
				INFOPLIST_FILE = BuddyLock_code/Info.plist;
				IPHONEOS_DEPLOYMENT_TARGET = 18.0;
				LD_RUNPATH_SEARCH_PATHS = (
					"$(inherited)",
					"@executable_path/Frameworks",
				);
				MARKETING_VERSION = 1.0;
				PRODUCT_BUNDLE_IDENTIFIER = com.example.BuddyLockStarterTEST;
				PRODUCT_NAME = "$(TARGET_NAME)";
				SWIFT_EMIT_LOC_STRINGS = YES;
				SWIFT_OPTIMIZATION_LEVEL = "-Onone";
				SWIFT_VERSION = 5.0;
				TARGETED_DEVICE_FAMILY = "1,2";
			};
			name = Debug;
		};
		A0000000000000000000001A /* Release */ = {
			isa = XCBuildConfiguration;
			buildSettings = {
				ASSETCATALOG_COMPILER_APPICON_NAME = AppIcon;
				CODE_SIGN_STYLE = Automatic;
				CURRENT_PROJECT_VERSION = 1;
				DEVELOPMENT_TEAM = SA3M3BN49A;
				GENERATE_INFOPLIST_FILE = NO;
				INFOPLIST_FILE = BuddyLock_code/Info.plist;
				IPHONEOS_DEPLOYMENT_TARGET = 18.0;
				LD_RUNPATH_SEARCH_PATHS = (
					"$(inherited)",
					"@executable_path/Frameworks",
				);
				MARKETING_VERSION = 1.0;
				PRODUCT_BUNDLE_IDENTIFIER = com.example.BuddyLockStarterTEST;
				PRODUCT_NAME = "$(TARGET_NAME)";
				SWIFT_EMIT_LOC_STRINGS = YES;
				SWIFT_OPTIMIZATION_LEVEL = "-Onone";
				SWIFT_VERSION = 5.0;
				TARGETED_DEVICE_FAMILY = "1,2";
			};
			name = Release;
		};
/* End XCBuildConfiguration section */

/* Begin XCConfigurationList section */
		313B2B882EE6897000F59DD1 /* Build configuration list for PBXNativeTarget "BuddyLockShieldExtension" */ = {
			isa = XCConfigurationList;
			buildConfigurations = (
				313B2B892EE6897000F59DD1 /* Debug */,
				313B2B8A2EE6897000F59DD1 /* Release */,
			);
			defaultConfigurationIsVisible = 0;
			defaultConfigurationName = Release;
		};
		313B2B9D2EE69F6500F59DD1 /* Build configuration list for PBXNativeTarget "BuddyLockShieldConfiguration" */ = {
			isa = XCConfigurationList;
			buildConfigurations = (
				313B2B9E2EE69F6500F59DD1 /* Debug */,
				313B2B9F2EE69F6500F59DD1 /* Release */,
			);
			defaultConfigurationIsVisible = 0;
			defaultConfigurationName = Release;
		};
		A00000000000000000000015 /* Build configuration list for PBXProject "BuddyLock" */ = {
			isa = XCConfigurationList;
			buildConfigurations = (
				A00000000000000000000017 /* Debug */,
				A00000000000000000000018 /* Release */,
			);
			defaultConfigurationIsVisible = 0;
			defaultConfigurationName = Release;
		};
		A00000000000000000000016 /* Build configuration list for PBXNativeTarget "BuddyLock" */ = {
			isa = XCConfigurationList;
			buildConfigurations = (
				A00000000000000000000019 /* Debug */,
				A0000000000000000000001A /* Release */,
			);
			defaultConfigurationIsVisible = 0;
			defaultConfigurationName = Release;
		};
/* End XCConfigurationList section */

/* Begin XCRemoteSwiftPackageReference section */
		0C5B4F9F2F0D797A009ED626 /* XCRemoteSwiftPackageReference "firebase-ios-sdk" */ = {
			isa = XCRemoteSwiftPackageReference;
			repositoryURL = "https://github.com/firebase/firebase-ios-sdk";
			requirement = {
				kind = upToNextMajorVersion;
				minimumVersion = 12.7.0;
			};
		};
		0CBD668A2EDA8BB70055B9D7 /* XCRemoteSwiftPackageReference "firebase-ios-sdk" */ = {
			isa = XCRemoteSwiftPackageReference;
			repositoryURL = "https://github.com/firebase/firebase-ios-sdk";
			requirement = {
				kind = upToNextMajorVersion;
				minimumVersion = 12.6.0;
			};
		};
/* End XCRemoteSwiftPackageReference section */

/* Begin XCSwiftPackageProductDependency section */
		0C5B4FA02F0D797A009ED626 /* FirebaseAuth */ = {
			isa = XCSwiftPackageProductDependency;
			package = 0C5B4F9F2F0D797A009ED626 /* XCRemoteSwiftPackageReference "firebase-ios-sdk" */;
			productName = FirebaseAuth;
		};
		0C5B4FA22F0D797A009ED626 /* FirebaseCore */ = {
			isa = XCSwiftPackageProductDependency;
			package = 0C5B4F9F2F0D797A009ED626 /* XCRemoteSwiftPackageReference "firebase-ios-sdk" */;
			productName = FirebaseCore;
		};
		0C5B4FA42F0D797A009ED626 /* FirebaseFirestore */ = {
			isa = XCSwiftPackageProductDependency;
			package = 0C5B4F9F2F0D797A009ED626 /* XCRemoteSwiftPackageReference "firebase-ios-sdk" */;
			productName = FirebaseFirestore;
		};
		0CBD668B2EDA8BB70055B9D7 /* FirebaseAnalytics */ = {
			isa = XCSwiftPackageProductDependency;
			package = 0CBD668A2EDA8BB70055B9D7 /* XCRemoteSwiftPackageReference "firebase-ios-sdk" */;
			productName = FirebaseAnalytics;
		};
		0CBD669A2EDB9FB20055B9D7 /* FirebaseAuth */ = {
			isa = XCSwiftPackageProductDependency;
			package = 0CBD668A2EDA8BB70055B9D7 /* XCRemoteSwiftPackageReference "firebase-ios-sdk" */;
			productName = FirebaseAuth;
		};
		0CBD669C2EDB9FB20055B9D7 /* FirebaseCore */ = {
			isa = XCSwiftPackageProductDependency;
			package = 0CBD668A2EDA8BB70055B9D7 /* XCRemoteSwiftPackageReference "firebase-ios-sdk" */;
			productName = FirebaseCore;
		};
		0CBD66A22EDBA6B80055B9D7 /* FirebaseFirestore */ = {
			isa = XCSwiftPackageProductDependency;
			package = 0CBD668A2EDA8BB70055B9D7 /* XCRemoteSwiftPackageReference "firebase-ios-sdk" */;
			productName = FirebaseFirestore;
		};
/* End XCSwiftPackageProductDependency section */
	};
	rootObject = A00000000000000000000001 /* Project object */;
}
